
Microsoft Visual Studio Solution File, Format Version 12.00
# Visual Studio Version 17
VisualStudioVersion = 17.0.31903.59
MinimumVisualStudioVersion = 10.0.40219.1
Project("{FAE04EC0-301F-11D3-BF4B-00C04F79EFBC}") = "EndlessStreamData", "EndlessStreamData\EndlessStreamData.csproj", "{97B4D12A-D117-489D-9DDA-E3A1CE486247}"
EndProject
Project("{FAE04EC0-301F-11D3-BF4B-00C04F79EFBC}") = "EndlessStreamData.Tests", "EndlessStreamData.Tests\EndlessStreamData.Tests.csproj", "{9DEB43BC-38C0-48DD-BA60-D5DA6F882129}"
EndProject
Global
	GlobalSection(SolutionConfigurationPlatforms) = preSolution
		Debug|Any CPU = Debug|Any CPU
		Release|Any CPU = Release|Any CPU
	EndGlobalSection
	GlobalSection(SolutionProperties) = preSolution
		HideSolutionNode = FALSE
	EndGlobalSection
	GlobalSection(ProjectConfigurationPlatforms) = postSolution
		{97B4D12A-D117-489D-9DDA-E3A1CE486247}.Debug|Any CPU.ActiveCfg = Debug|Any CPU
		{97B4D12A-D117-489D-9DDA-E3A1CE486247}.Debug|Any CPU.Build.0 = Debug|Any CPU
		{97B4D12A-D117-489D-9DDA-E3A1CE486247}.Release|Any CPU.ActiveCfg = Release|Any CPU
		{97B4D12A-D117-489D-9DDA-E3A1CE486247}.Release|Any CPU.Build.0 = Release|Any CPU
		{9DEB43BC-38C0-48DD-BA60-D5DA6F882129}.Debug|Any CPU.ActiveCfg = Debug|Any CPU
		{9DEB43BC-38C0-48DD-BA60-D5DA6F882129}.Debug|Any CPU.Build.0 = Debug|Any CPU
		{9DEB43BC-38C0-48DD-BA60-D5DA6F882129}.Release|Any CPU.ActiveCfg = Release|Any CPU
		{9DEB43BC-38C0-48DD-BA60-D5DA6F882129}.Release|Any CPU.Build.0 = Release|Any CPU
	EndGlobalSection
EndGlobal
